github.com/BurntSushi/toml v1.2.1 h1:9F2/+DoOYIOksmaJFPw1tGFy1eDnIJXg+UHjuD8lTak=
github.com/BurntSushi/toml v1.2.1/go.mod h1:CxXYINrC8qIiEnFrOxCa7Jy5BFHlXnUU2pbicEuybxQ=
github.com/buexplain/netsvr-protocol v0.0.0-20230322061158-de52adf9527f h1:dthzJ+WAGQubNaCROhFBZVoEVLO7VFn0TlAj8GFN/CQ=
github.com/buexplain/netsvr-protocol v0.0.0-20230322061158-de52adf9527f/go.mod h1:d4zhEqHjmw9blcosWP4kWWOIsZk0uxejI8Q2EXlw3XQ=
github.com/buexplain/netsvr-protocol v0.0.0-20230322150127-761801f2b7c1 h1:FTwHJAuvatYolDvLvVI89RVB11b866HB0Zxhw/T0aBg=
github.com/buexplain/netsvr-protocol v0.0.0-20230322150127-761801f2b7c1/go.mod h1:d4zhEqHjmw9blcosWP4kWWOIsZk0uxejI8Q2EXlw3XQ=
github.com/buexplain/netsvr-protocol v0.0.0-20230325053130-8a180eab5a4a h1:3R6e5W/e746e121NSfkyk9J9Vd4BI2b5mx/a+fHsePI=
github.com/buexplain/netsvr-protocol v0.0.0-20230325053130-8a180eab5a4a/go.mod h1:d4zhEqHjmw9blcosWP4kWWOIsZk0uxejI8Q2EXlw3XQ=
github.com/buexplain/netsvr-protocol-go v0.0.0-20230322071703-dbe6f916b726 h1:M4ZL+NE2StjUZnBQi/2jGXhZ0Nt6CZ/peVGc8jUOvv8=
github.com/buexplain/netsvr-protocol-go v0.0.0-20230322071703-dbe6f916b726/go.mod h1:jkq1OO7CVdRc2Z3kjzA8bZNEsKEC7rKxsvgbUoSfrxw=
github.com/buexplain/netsvr-protocol-go v0.0.0-20230322160147-565bf2a6ddfe h1:dqQIJFKlXvdCBI0JmynfYoblRIXtlNTvH85OELZuMYg=
github.com/buexplain/netsvr-protocol-go v0.0.0-20230322160147-565bf2a6ddfe/go.mod h1:G05ZXoBhlVqlEqaHsdFlPh1LX2T5GvBD4lcIllihdxc=
github.com/buexplain/netsvr-protocol-go v0.0.0-20230325054344-6e38ec2fe5f8 h1:uIZonHFL7RDQyYF06s0RAav9tGAFEjJuYP42KuTMu9E=
github.com/buexplain/netsvr-protocol-go v0.0.0-20230325054344-6e38ec2fe5f8/go.mod h1:2WL9kleQ40a8Y2jQdBBitaoH2um8/Q0pbtPHdc0s+H0=
github.com/coreos/go-systemd/v22 v22.3.3-0.20220203105225-a9a7ef127534/go.mod h1:Y58oyj3AT4RCenI/lSvhwexgC+NSVTIJ3seZv2GcEnc=
github.com/godbus/dbus/v5 v5.0.4/go.mod h1:xhWf0FNVPg57R7Z0UbKHbJfkEywrmjJnf7w5xrFpKfA=
github.com/golang/protobuf v1.5.0/go.mod h1:FsONVRAS9T7sI+LIUmWTfcYkHO4aIWwzhcaSAoJOfIk=
github.com/google/go-cmp v0.5.5 h1:Khx7svrCpmxxtHBq5j2mp/xVjsi8hQMfNLvJFAlrGgU=
github.com/google/go-cmp v0.5.5/go.mod h1:v8dTdLbMG2kIc/vJvl+f65V22dbkXbowE6jgT/gNBxE=
github.com/mattn/go-colorable v0.1.12 h1:jF+Du6AlPIjs2BiUiQlKOX0rt3SujHxPnksPKZbaA40=
github.com/mattn/go-colorable v0.1.12/go.mod h1:u5H1YNBxpqRaxsYJYSkiCWKzEfiAb1Gb520KVy5xxl4=
github.com/mattn/go-isatty v0.0.14 h1:yVuAays6BHfxijgZPzw+3Zlu5yQgKGP2/hcQbHb7S9Y=
github.com/mattn/go-isatty v0.0.14/go.mod h1:7GGIvUiUoEMVVmxf/4nioHXj79iQHKdU27kJ6hsGG94=
github.com/pkg/errors v0.9.1/go.mod h1:bwawxfHBFNV+L2hUp1rHADufV3IMtnDRdf1r5NINEl0=
github.com/rs/xid v1.4.0/go.mod h1:trrq9SKmegXys3aeAKXMUTdJsYXVwGY3RLcfgqegfbg=
github.com/rs/zerolog v1.29.0 h1:Zes4hju04hjbvkVkOhdl2HpZa+0PmVwigmo8XoORE5w=
github.com/rs/zerolog v1.29.0/go.mod h1:NILgTygv/Uej1ra5XxGf82ZFSLk58MFGAUS2o6usyD0=
golang.org/x/sys v0.0.0-20210630005230-0f9fa26af87c/go.mod h1:oPkhp1MJrh7nUepCBck5+mAzfO9JrbApNNgaTdGDITg=
golang.org/x/sys v0.0.0-20210927094055-39ccf1dd6fa6 h1:foEbQz/B0Oz6YIqu/69kfXPYeFQAuuMYFkjaqXzl5Wo=
golang.org/x/sys v0.0.0-20210927094055-39ccf1dd6fa6/go.mod h1:oPkhp1MJrh7nUepCBck5+mAzfO9JrbApNNgaTdGDITg=
golang.org/x/xerrors v0.0.0-20191204190536-9bdfabe68543 h1:E7g+9GITq07hpfrRu66IVDexMakfv52eLZ2CXBWiKr4=
golang.org/x/xerrors v0.0.0-20191204190536-9bdfabe68543/go.mod h1:I/5z698sn9Ka8TeJc9MKroUUfqBBauWjQqLJ2OPfmY0=
google.golang.org/protobuf v1.26.0-rc.1/go.mod h1:jlhhOSvTdKEhbULTjvd4ARK9grFBp09yW+WbY/TyQbw=
google.golang.org/protobuf v1.30.0 h1:kPPoIgf3TsEvrm0PFe15JQ+570QVxYzEvvHqChK+cng=
google.golang.org/protobuf v1.30.0/go.mod h1:HV8QOd/L58Z+nl8r43ehVNZIU/HEI6OcFqwMG9pJV4I=
gopkg.in/natefinch/lumberjack.v2 v2.2.1 h1:bBRl1b0OH9s/DuPhuXpNl+VtCaJXFZ5/uEFST95x9zc=
gopkg.in/natefinch/lumberjack.v2 v2.2.1/go.mod h1:YD8tP3GAjkrDg1eZH7EGmyESg/lsYskCTPBJVb9jqSc=
